{
  "name": "argonjs",
  "version": "1.0.4",
  "lockfileVersion": 3,
  "requires": true,
  "packages": {
    "": {
      "name": "argonjs",
      "version": "1.0.4",
      "license": "ISC",
      "dependencies": {
        "neon": "^2.0.0"
      }
    },
    "node_modules/neon": {
      "version": "2.1.2",
      "resolved": "https://registry.npmjs.org/neon/-/neon-2.1.2.tgz",
      "integrity": "sha512-Zek1Fh4eNTUQlCSrBrbeHv5thUKK5RFkzDaY4OA75LenTcsQGPA1jCM1JfCM5M9MHqHRl//DApcnubGMsvyvqQ==",
      "deprecated": "this package is no longer maintained"
    }
  }
}
